
Microsoft Visual Studio Solution File, Format Version 12.00
# Visual Studio Version 17
VisualStudioVersion = 17.11.35222.181
MinimumVisualStudioVersion = 10.0.40219.1
Project("{FAE04EC0-301F-11D3-BF4B-00C04F79EFBC}") = "Dag 1 - Øvelse 1", "Dag 1 - Øvelse 1\Dag 1 - Øvelse 1.csproj", "{C1A05B6E-96BA-4590-9F3A-C5476B8874FD}"
EndProject
Project("{2150E333-8FDC-42A3-9474-1A3956D46DE8}") = "Dag 1", "Dag 1", "{51B3A3D1-31A5-4802-AE9F-ADD240DD8E38}"
EndProject
Project("{FAE04EC0-301F-11D3-BF4B-00C04F79EFBC}") = "Dag 1 - Øvelse 2", "Dag 1 - Øvelse 2\Dag 1 - Øvelse 2.csproj", "{955D47DD-9C80-4B90-A605-8EF8457688F1}"
EndProject
Project("{FAE04EC0-301F-11D3-BF4B-00C04F79EFBC}") = "Dag 1 - Øvelse 3", "Dag 1 - Øvelse 3\Dag 1 - Øvelse 3.csproj", "{F407BA15-AD16-484E-A5FF-C459F65C9483}"
EndProject
Project("{FAE04EC0-301F-11D3-BF4B-00C04F79EFBC}") = "Dag 1 - Øvelse 4", "Dag 1 - Øvelse 4\Dag 1 - Øvelse 4.csproj", "{A85335BC-77F1-4C3D-BFB3-4C986F499BB4}"
EndProject
Project("{FAE04EC0-301F-11D3-BF4B-00C04F79EFBC}") = "Dag 1 - Øvelse 5", "Dag 1 - Øvelse 5\Dag 1 - Øvelse 5.csproj", "{CE276B54-EF1E-4230-8724-42638BC31CA9}"
EndProject
Project("{FAE04EC0-301F-11D3-BF4B-00C04F79EFBC}") = "Dag 1 - Øvelse 6", "Dag 1 - Øvelse 6\Dag 1 - Øvelse 6.csproj", "{EAC913AC-8825-44A9-AACE-A26A62887575}"
EndProject
Project("{2150E333-8FDC-42A3-9474-1A3956D46DE8}") = "Dag 2", "Dag 2", "{8CF97D62-6C84-4F56-B225-B297F2765CD1}"
EndProject
Project("{FAE04EC0-301F-11D3-BF4B-00C04F79EFBC}") = "Dag 2 - Øvelse 1", "Dag 2 - Øvelse 1\Dag 2 - Øvelse 1.csproj", "{96ACC60D-290B-4393-8213-C563ED86E8C1}"
EndProject
Project("{FAE04EC0-301F-11D3-BF4B-00C04F79EFBC}") = "Dag 2 - Øvelse 2", "Dag 2 - Øvelse 2\Dag 2 - Øvelse 2.csproj", "{ECEF5C6E-B3DA-4627-9944-B48D8C9231C7}"
EndProject
Project("{FAE04EC0-301F-11D3-BF4B-00C04F79EFBC}") = "Dag 2 - Øvelse 3", "Dag 2 - Øvelse 3\Dag 2 - Øvelse 3.csproj", "{3A656165-8853-4853-ABFE-D17C16896B1B}"
EndProject
Global
	GlobalSection(SolutionConfigurationPlatforms) = preSolution
		Debug|Any CPU = Debug|Any CPU
		Release|Any CPU = Release|Any CPU
	EndGlobalSection
	GlobalSection(ProjectConfigurationPlatforms) = postSolution
		{C1A05B6E-96BA-4590-9F3A-C5476B8874FD}.Debug|Any CPU.ActiveCfg = Debug|Any CPU
		{C1A05B6E-96BA-4590-9F3A-C5476B8874FD}.Debug|Any CPU.Build.0 = Debug|Any CPU
		{C1A05B6E-96BA-4590-9F3A-C5476B8874FD}.Release|Any CPU.ActiveCfg = Release|Any CPU
		{C1A05B6E-96BA-4590-9F3A-C5476B8874FD}.Release|Any CPU.Build.0 = Release|Any CPU
		{955D47DD-9C80-4B90-A605-8EF8457688F1}.Debug|Any CPU.ActiveCfg = Debug|Any CPU
		{955D47DD-9C80-4B90-A605-8EF8457688F1}.Debug|Any CPU.Build.0 = Debug|Any CPU
		{955D47DD-9C80-4B90-A605-8EF8457688F1}.Release|Any CPU.ActiveCfg = Release|Any CPU
		{955D47DD-9C80-4B90-A605-8EF8457688F1}.Release|Any CPU.Build.0 = Release|Any CPU
		{F407BA15-AD16-484E-A5FF-C459F65C9483}.Debug|Any CPU.ActiveCfg = Debug|Any CPU
		{F407BA15-AD16-484E-A5FF-C459F65C9483}.Debug|Any CPU.Build.0 = Debug|Any CPU
		{F407BA15-AD16-484E-A5FF-C459F65C9483}.Release|Any CPU.ActiveCfg = Release|Any CPU
		{F407BA15-AD16-484E-A5FF-C459F65C9483}.Release|Any CPU.Build.0 = Release|Any CPU
		{A85335BC-77F1-4C3D-BFB3-4C986F499BB4}.Debug|Any CPU.ActiveCfg = Debug|Any CPU
		{A85335BC-77F1-4C3D-BFB3-4C986F499BB4}.Debug|Any CPU.Build.0 = Debug|Any CPU
		{A85335BC-77F1-4C3D-BFB3-4C986F499BB4}.Release|Any CPU.ActiveCfg = Release|Any CPU
		{A85335BC-77F1-4C3D-BFB3-4C986F499BB4}.Release|Any CPU.Build.0 = Release|Any CPU
		{CE276B54-EF1E-4230-8724-42638BC31CA9}.Debug|Any CPU.ActiveCfg = Debug|Any CPU
		{CE276B54-EF1E-4230-8724-42638BC31CA9}.Debug|Any CPU.Build.0 = Debug|Any CPU
		{CE276B54-EF1E-4230-8724-42638BC31CA9}.Release|Any CPU.ActiveCfg = Release|Any CPU
		{CE276B54-EF1E-4230-8724-42638BC31CA9}.Release|Any CPU.Build.0 = Release|Any CPU
		{EAC913AC-8825-44A9-AACE-A26A62887575}.Debug|Any CPU.ActiveCfg = Debug|Any CPU
		{EAC913AC-8825-44A9-AACE-A26A62887575}.Debug|Any CPU.Build.0 = Debug|Any CPU
		{EAC913AC-8825-44A9-AACE-A26A62887575}.Release|Any CPU.ActiveCfg = Release|Any CPU
		{EAC913AC-8825-44A9-AACE-A26A62887575}.Release|Any CPU.Build.0 = Release|Any CPU
		{96ACC60D-290B-4393-8213-C563ED86E8C1}.Debug|Any CPU.ActiveCfg = Debug|Any CPU
		{96ACC60D-290B-4393-8213-C563ED86E8C1}.Debug|Any CPU.Build.0 = Debug|Any CPU
		{96ACC60D-290B-4393-8213-C563ED86E8C1}.Release|Any CPU.ActiveCfg = Release|Any CPU
		{96ACC60D-290B-4393-8213-C563ED86E8C1}.Release|Any CPU.Build.0 = Release|Any CPU
		{ECEF5C6E-B3DA-4627-9944-B48D8C9231C7}.Debug|Any CPU.ActiveCfg = Debug|Any CPU
		{ECEF5C6E-B3DA-4627-9944-B48D8C9231C7}.Debug|Any CPU.Build.0 = Debug|Any CPU
		{ECEF5C6E-B3DA-4627-9944-B48D8C9231C7}.Release|Any CPU.ActiveCfg = Release|Any CPU
		{ECEF5C6E-B3DA-4627-9944-B48D8C9231C7}.Release|Any CPU.Build.0 = Release|Any CPU
		{3A656165-8853-4853-ABFE-D17C16896B1B}.Debug|Any CPU.ActiveCfg = Debug|Any CPU
		{3A656165-8853-4853-ABFE-D17C16896B1B}.Debug|Any CPU.Build.0 = Debug|Any CPU
		{3A656165-8853-4853-ABFE-D17C16896B1B}.Release|Any CPU.ActiveCfg = Release|Any CPU
		{3A656165-8853-4853-ABFE-D17C16896B1B}.Release|Any CPU.Build.0 = Release|Any CPU
	EndGlobalSection
	GlobalSection(SolutionProperties) = preSolution
		HideSolutionNode = FALSE
	EndGlobalSection
	GlobalSection(NestedProjects) = preSolution
		{C1A05B6E-96BA-4590-9F3A-C5476B8874FD} = {51B3A3D1-31A5-4802-AE9F-ADD240DD8E38}
		{955D47DD-9C80-4B90-A605-8EF8457688F1} = {51B3A3D1-31A5-4802-AE9F-ADD240DD8E38}
		{F407BA15-AD16-484E-A5FF-C459F65C9483} = {51B3A3D1-31A5-4802-AE9F-ADD240DD8E38}
		{A85335BC-77F1-4C3D-BFB3-4C986F499BB4} = {51B3A3D1-31A5-4802-AE9F-ADD240DD8E38}
		{CE276B54-EF1E-4230-8724-42638BC31CA9} = {51B3A3D1-31A5-4802-AE9F-ADD240DD8E38}
		{EAC913AC-8825-44A9-AACE-A26A62887575} = {51B3A3D1-31A5-4802-AE9F-ADD240DD8E38}
		{96ACC60D-290B-4393-8213-C563ED86E8C1} = {8CF97D62-6C84-4F56-B225-B297F2765CD1}
		{ECEF5C6E-B3DA-4627-9944-B48D8C9231C7} = {8CF97D62-6C84-4F56-B225-B297F2765CD1}
		{3A656165-8853-4853-ABFE-D17C16896B1B} = {8CF97D62-6C84-4F56-B225-B297F2765CD1}
	EndGlobalSection
	GlobalSection(ExtensibilityGlobals) = postSolution
		SolutionGuid = {1B1ED598-7089-4E87-8E6E-DD6C574D6EB9}
	EndGlobalSection
EndGlobal
